
Microsoft Visual Studio Solution File, Format Version 12.00
# Visual Studio Version 16
VisualStudioVersion = 16.0.31025.194
MinimumVisualStudioVersion = 10.0.40219.1
Project("{FAE04EC0-301F-11D3-BF4B-00C04F79EFBC}") = "BilgeadamHomework", "BilgeadamHomework\BilgeadamHomework.csproj", "{5C2E38B7-27CE-419B-9938-5BE6E3664328}"
EndProject
Global
	GlobalSection(SolutionConfigurationPlatforms) = preSolution
		Debug|Any CPU = Debug|Any CPU
		Release|Any CPU = Release|Any CPU
	EndGlobalSection
	GlobalSection(ProjectConfigurationPlatforms) = postSolution
		{5C2E38B7-27CE-419B-9938-5BE6E3664328}.Debug|Any CPU.ActiveCfg = Debug|Any CPU
		{5C2E38B7-27CE-419B-9938-5BE6E3664328}.Debug|Any CPU.Build.0 = Debug|Any CPU
		{5C2E38B7-27CE-419B-9938-5BE6E3664328}.Release|Any CPU.ActiveCfg = Release|Any CPU
		{5C2E38B7-27CE-419B-9938-5BE6E3664328}.Release|Any CPU.Build.0 = Release|Any CPU
	EndGlobalSection
	GlobalSection(SolutionProperties) = preSolution
		HideSolutionNode = FALSE
	EndGlobalSection
	GlobalSection(ExtensibilityGlobals) = postSolution
		SolutionGuid = {CCC992B0-9B04-4B96-8EC6-FBF229CB6B5C}
	EndGlobalSection
EndGlobal
